
Microsoft Visual Studio Solution File, Format Version 12.00
# Visual Studio 2012
Project("{FAE04EC0-301F-11D3-BF4B-00C04F79EFBC}") = "Aif.Service.Command", "Aif.Service.Command\Aif.Service.Command.csproj", "{FBFCD11D-DE7F-44D8-908D-BBFEDAAC3509}"
EndProject
Project("{FAE04EC0-301F-11D3-BF4B-00C04F79EFBC}") = "Aif.Model.Aom", "Aif.Model.Aom\Aif.Model.Aom.csproj", "{449483FE-B7B3-4B0D-9C41-094D29013CB1}"
EndProject
Project("{FAE04EC0-301F-11D3-BF4B-00C04F79EFBC}") = "Aif.Service.Query", "Aif.Service.Query\Aif.Service.Query.csproj", "{CD37EEF2-B0BD-4A46-AB34-849C91505DB6}"
EndProject
Project("{FAE04EC0-301F-11D3-BF4B-00C04F79EFBC}") = "Aif.Instructure.Code", "Aif.Instructure.Code\Aif.Instructure.Code.csproj", "{9CE961BE-06F8-48BC-8AAD-60DF5B0BF52D}"
EndProject
Global
	GlobalSection(SolutionConfigurationPlatforms) = preSolution
		Debug|Any CPU = Debug|Any CPU
		Release|Any CPU = Release|Any CPU
	EndGlobalSection
	GlobalSection(ProjectConfigurationPlatforms) = postSolution
		{FBFCD11D-DE7F-44D8-908D-BBFEDAAC3509}.Debug|Any CPU.ActiveCfg = Debug|Any CPU
		{FBFCD11D-DE7F-44D8-908D-BBFEDAAC3509}.Debug|Any CPU.Build.0 = Debug|Any CPU
		{FBFCD11D-DE7F-44D8-908D-BBFEDAAC3509}.Release|Any CPU.ActiveCfg = Release|Any CPU
		{FBFCD11D-DE7F-44D8-908D-BBFEDAAC3509}.Release|Any CPU.Build.0 = Release|Any CPU
		{449483FE-B7B3-4B0D-9C41-094D29013CB1}.Debug|Any CPU.ActiveCfg = Debug|Any CPU
		{449483FE-B7B3-4B0D-9C41-094D29013CB1}.Debug|Any CPU.Build.0 = Debug|Any CPU
		{449483FE-B7B3-4B0D-9C41-094D29013CB1}.Release|Any CPU.ActiveCfg = Release|Any CPU
		{449483FE-B7B3-4B0D-9C41-094D29013CB1}.Release|Any CPU.Build.0 = Release|Any CPU
		{CD37EEF2-B0BD-4A46-AB34-849C91505DB6}.Debug|Any CPU.ActiveCfg = Debug|Any CPU
		{CD37EEF2-B0BD-4A46-AB34-849C91505DB6}.Debug|Any CPU.Build.0 = Debug|Any CPU
		{CD37EEF2-B0BD-4A46-AB34-849C91505DB6}.Release|Any CPU.ActiveCfg = Release|Any CPU
		{CD37EEF2-B0BD-4A46-AB34-849C91505DB6}.Release|Any CPU.Build.0 = Release|Any CPU
		{9CE961BE-06F8-48BC-8AAD-60DF5B0BF52D}.Debug|Any CPU.ActiveCfg = Debug|Any CPU
		{9CE961BE-06F8-48BC-8AAD-60DF5B0BF52D}.Debug|Any CPU.Build.0 = Debug|Any CPU
		{9CE961BE-06F8-48BC-8AAD-60DF5B0BF52D}.Release|Any CPU.ActiveCfg = Release|Any CPU
		{9CE961BE-06F8-48BC-8AAD-60DF5B0BF52D}.Release|Any CPU.Build.0 = Release|Any CPU
	EndGlobalSection
EndGlobal
